// !$*UTF8*$!
{
	archiveVersion = 1;
	classes = {
	};
	objectVersion = 55;
	objects = {

/* Begin PBXBuildFile section */
		F802A737278B04EE00AFAB95 /* ImageCoinService.swift in Sources */ = {isa = PBXBuildFile; fileRef = F802A736278B04EE00AFAB95 /* ImageCoinService.swift */; };
		F80ADAFF278CDA7B00CCE6B6 /* CoinLogoView.swift in Sources */ = {isa = PBXBuildFile; fileRef = F80ADAFE278CDA7B00CCE6B6 /* CoinLogoView.swift */; };
		F8217D1E2786165500C9C41B /* CryptoCoinsApp.swift in Sources */ = {isa = PBXBuildFile; fileRef = F8217D1D2786165500C9C41B /* CryptoCoinsApp.swift */; };
		F8217D222786165600C9C41B /* Assets.xcassets in Resources */ = {isa = PBXBuildFile; fileRef = F8217D212786165600C9C41B /* Assets.xcassets */; };
		F8217D252786165600C9C41B /* Preview Assets.xcassets in Resources */ = {isa = PBXBuildFile; fileRef = F8217D242786165600C9C41B /* Preview Assets.xcassets */; };
		F8217D2D27861AC600C9C41B /* Color.swift in Sources */ = {isa = PBXBuildFile; fileRef = F8217D2C27861AC600C9C41B /* Color.swift */; };
		F8217D3427861D2300C9C41B /* HomeView.swift in Sources */ = {isa = PBXBuildFile; fileRef = F8217D3327861D2300C9C41B /* HomeView.swift */; };
		F8217D3827861F9200C9C41B /* ButtonCircleView.swift in Sources */ = {isa = PBXBuildFile; fileRef = F8217D3727861F9200C9C41B /* ButtonCircleView.swift */; };
		F8217D3C2786271000C9C41B /* HeaderHomeView.swift in Sources */ = {isa = PBXBuildFile; fileRef = F8217D3B2786271000C9C41B /* HeaderHomeView.swift */; };
		F8219F8C2789A8FE0028CBC5 /* ColumnTitlesView.swift in Sources */ = {isa = PBXBuildFile; fileRef = F8219F8B2789A8FE0028CBC5 /* ColumnTitlesView.swift */; };
		F8219F8F2789AD170028CBC5 /* CoinDataService.swift in Sources */ = {isa = PBXBuildFile; fileRef = F8219F8E2789AD170028CBC5 /* CoinDataService.swift */; };
		F8219F922789E4350028CBC5 /* NetworkingManager.swift in Sources */ = {isa = PBXBuildFile; fileRef = F8219F912789E4350028CBC5 /* NetworkingManager.swift */; };
		F8219F94278B01D00028CBC5 /* ImageCoinView.swift in Sources */ = {isa = PBXBuildFile; fileRef = F8219F93278B01D00028CBC5 /* ImageCoinView.swift */; };
		F8219F96278B021E0028CBC5 /* ImageCoinViewModel.swift in Sources */ = {isa = PBXBuildFile; fileRef = F8219F95278B021E0028CBC5 /* ImageCoinViewModel.swift */; };
		F835FE1C27981838008171FB /* String.swift in Sources */ = {isa = PBXBuildFile; fileRef = F835FE1B27981838008171FB /* String.swift */; };
		F835FE1F27986D8E008171FB /* InfoView.swift in Sources */ = {isa = PBXBuildFile; fileRef = F835FE1E27986D8E008171FB /* InfoView.swift */; };
		F835FE222799977E008171FB /* LogoView.swift in Sources */ = {isa = PBXBuildFile; fileRef = F835FE212799977E008171FB /* LogoView.swift */; };
		F835FE2427999E13008171FB /* Launch Screen.storyboard in Resources */ = {isa = PBXBuildFile; fileRef = F835FE2327999E13008171FB /* Launch Screen.storyboard */; };
		F84E6CCB2788825000827C0C /* Coin.swift in Sources */ = {isa = PBXBuildFile; fileRef = F84E6CCA2788825000827C0C /* Coin.swift */; };
		F84E6CCD2788877B00827C0C /* CoinRowView.swift in Sources */ = {isa = PBXBuildFile; fileRef = F84E6CCC2788877B00827C0C /* CoinRowView.swift */; };
		F84E6CCF2788881200827C0C /* PreviewProvider.swift in Sources */ = {isa = PBXBuildFile; fileRef = F84E6CCE2788881200827C0C /* PreviewProvider.swift */; };
		F84E6CD127888C3E00827C0C /* Double.swift in Sources */ = {isa = PBXBuildFile; fileRef = F84E6CD027888C3E00827C0C /* Double.swift */; };
		F8571A532789A2B60000B42B /* HomeViewModel.swift in Sources */ = {isa = PBXBuildFile; fileRef = F8571A522789A2B60000B42B /* HomeViewModel.swift */; };
		F8571A562789A6AE0000B42B /* ListCoinsView.swift in Sources */ = {isa = PBXBuildFile; fileRef = F8571A552789A6AE0000B42B /* ListCoinsView.swift */; };
		F8571A582789A73F0000B42B /* ListPortfolioCoinsView.swift in Sources */ = {isa = PBXBuildFile; fileRef = F8571A572789A73F0000B42B /* ListPortfolioCoinsView.swift */; };
		F869367227A2D72A00842519 /* SecretView.swift in Sources */ = {isa = PBXBuildFile; fileRef = F869367127A2D72900842519 /* SecretView.swift */; };
		F869367427A2D75800842519 /* ParticleSystem.swift in Sources */ = {isa = PBXBuildFile; fileRef = F869367327A2D75800842519 /* ParticleSystem.swift */; };
		F869367627A2D78B00842519 /* Particle.swift in Sources */ = {isa = PBXBuildFile; fileRef = F869367527A2D78B00842519 /* Particle.swift */; };
		F869367827A2D7B900842519 /* MotionManager.swift in Sources */ = {isa = PBXBuildFile; fileRef = F869367727A2D7B900842519 /* MotionManager.swift */; };
		F88F19AA278C4A6D00117F5C /* Statistic.swift in Sources */ = {isa = PBXBuildFile; fileRef = F88F19A9278C4A6D00117F5C /* Statistic.swift */; };
		F88F19AC278C4BF200117F5C /* StatisticView.swift in Sources */ = {isa = PBXBuildFile; fileRef = F88F19AB278C4BF200117F5C /* StatisticView.swift */; };
		F88F19AE278C50AD00117F5C /* HomeStatisticView.swift in Sources */ = {isa = PBXBuildFile; fileRef = F88F19AD278C50AD00117F5C /* HomeStatisticView.swift */; };
		F88F19B0278C7C2C00117F5C /* MarketData.swift in Sources */ = {isa = PBXBuildFile; fileRef = F88F19AF278C7C2C00117F5C /* MarketData.swift */; };
		F88F19B2278C7E9700117F5C /* MarketDataService.swift in Sources */ = {isa = PBXBuildFile; fileRef = F88F19B1278C7E9700117F5C /* MarketDataService.swift */; };
		F88F19B4278CC96000117F5C /* PortfolioView.swift in Sources */ = {isa = PBXBuildFile; fileRef = F88F19B3278CC95F00117F5C /* PortfolioView.swift */; };
		F88F19B6278CCD0300117F5C /* ButtonXmarkView.swift in Sources */ = {isa = PBXBuildFile; fileRef = F88F19B5278CCD0300117F5C /* ButtonXmarkView.swift */; };
		F890DE5B27975BDD008B1393 /* Date.swift in Sources */ = {isa = PBXBuildFile; fileRef = F890DE5A27975BDD008B1393 /* Date.swift */; };
		F895D63D278F35520038F270 /* CoinLogoListView.swift in Sources */ = {isa = PBXBuildFile; fileRef = F895D63C278F35520038F270 /* CoinLogoListView.swift */; };
		F895D642278F3C3B0038F270 /* InputSectionView.swift in Sources */ = {isa = PBXBuildFile; fileRef = F895D641278F3C3B0038F270 /* InputSectionView.swift */; };
		F895D644278F6A970038F270 /* ButtonCheckmarkView.swift in Sources */ = {isa = PBXBuildFile; fileRef = F895D643278F6A970038F270 /* ButtonCheckmarkView.swift */; };
		F895D647279035AF0038F270 /* PortfolioContainer.xcdatamodeld in Sources */ = {isa = PBXBuildFile; fileRef = F895D645279035AF0038F270 /* PortfolioContainer.xcdatamodeld */; };
		F895D649279036AC0038F270 /* PortfolioDataService.swift in Sources */ = {isa = PBXBuildFile; fileRef = F895D648279036AC0038F270 /* PortfolioDataService.swift */; };
		F895D64B279313350038F270 /* HapticManager.swift in Sources */ = {isa = PBXBuildFile; fileRef = F895D64A279313350038F270 /* HapticManager.swift */; };
		F8AC06492786FE2E00CBCE92 /* BackgroundView.swift in Sources */ = {isa = PBXBuildFile; fileRef = F8AC06482786FE2E00CBCE92 /* BackgroundView.swift */; };
		F8C648B02796C667009B9BB4 /* DetailView.swift in Sources */ = {isa = PBXBuildFile; fileRef = F8C648AF2796C667009B9BB4 /* DetailView.swift */; };
		F8C648B22796CA11009B9BB4 /* DetailViewModel.swift in Sources */ = {isa = PBXBuildFile; fileRef = F8C648B12796CA11009B9BB4 /* DetailViewModel.swift */; };
		F8C648B42796D077009B9BB4 /* DetailLoadingView.swift in Sources */ = {isa = PBXBuildFile; fileRef = F8C648B32796D077009B9BB4 /* DetailLoadingView.swift */; };
		F8C648B62796D481009B9BB4 /* CoinDetail.swift in Sources */ = {isa = PBXBuildFile; fileRef = F8C648B52796D481009B9BB4 /* CoinDetail.swift */; };
		F8C648B82796D7ED009B9BB4 /* CoinDetailDataService.swift in Sources */ = {isa = PBXBuildFile; fileRef = F8C648B72796D7ED009B9BB4 /* CoinDetailDataService.swift */; };
		F8C648BA279751E1009B9BB4 /* ChartView.swift in Sources */ = {isa = PBXBuildFile; fileRef = F8C648B9279751E1009B9BB4 /* ChartView.swift */; };
		F8EAC510278B135A00D7C031 /* LocalFileManager.swift in Sources */ = {isa = PBXBuildFile; fileRef = F8EAC50F278B135A00D7C031 /* LocalFileManager.swift */; };
		F8EAC512278B906D00D7C031 /* SearchBarView.swift in Sources */ = {isa = PBXBuildFile; fileRef = F8EAC511278B906D00D7C031 /* SearchBarView.swift */; };
		F8EAC514278B97B100D7C031 /* UIApplication.swift in Sources */ = {isa = PBXBuildFile; fileRef = F8EAC513278B97B100D7C031 /* UIApplication.swift */; };
/* End PBXBuildFile section */

/* Begin PBXFileReference section */
		F802A736278B04EE00AFAB95 /* ImageCoinService.swift */ = {isa = PBXFileReference; lastKnownFileType = sourcecode.swift; path = ImageCoinService.swift; sourceTree = "<group>"; };
		F80ADAFE278CDA7B00CCE6B6 /* CoinLogoView.swift */ = {isa = PBXFileReference; lastKnownFileType = sourcecode.swift; path = CoinLogoView.swift; sourceTree = "<group>"; };
		F8217D1A2786165500C9C41B /* Crypto Coins.app */ = {isa = PBXFileReference; explicitFileType = wrapper.application; includeInIndex = 0; path = "Crypto Coins.app"; sourceTree = BUILT_PRODUCTS_DIR; };
		F8217D1D2786165500C9C41B /* CryptoCoinsApp.swift */ = {isa = PBXFileReference; lastKnownFileType = sourcecode.swift; path = CryptoCoinsApp.swift; sourceTree = "<group>"; };
		F8217D212786165600C9C41B /* Assets.xcassets */ = {isa = PBXFileReference; lastKnownFileType = folder.assetcatalog; path = Assets.xcassets; sourceTree = "<group>"; };
		F8217D242786165600C9C41B /* Preview Assets.xcassets */ = {isa = PBXFileReference; lastKnownFileType = folder.assetcatalog; path = "Preview Assets.xcassets"; sourceTree = "<group>"; };
		F8217D2C27861AC600C9C41B /* Color.swift */ = {isa = PBXFileReference; lastKnownFileType = sourcecode.swift; path = Color.swift; sourceTree = "<group>"; };
		F8217D3327861D2300C9C41B /* HomeView.swift */ = {isa = PBXFileReference; lastKnownFileType = sourcecode.swift; path = HomeView.swift; sourceTree = "<group>"; };
		F8217D3727861F9200C9C41B /* ButtonCircleView.swift */ = {isa = PBXFileReference; lastKnownFileType = sourcecode.swift; path = ButtonCircleView.swift; sourceTree = "<group>"; };
		F8217D3B2786271000C9C41B /* HeaderHomeView.swift */ = {isa = PBXFileReference; lastKnownFileType = sourcecode.swift; path = HeaderHomeView.swift; sourceTree = "<group>"; };
		F8219F8B2789A8FE0028CBC5 /* ColumnTitlesView.swift */ = {isa = PBXFileReference; lastKnownFileType = sourcecode.swift; path = ColumnTitlesView.swift; sourceTree = "<group>"; };
		F8219F8E2789AD170028CBC5 /* CoinDataService.swift */ = {isa = PBXFileReference; lastKnownFileType = sourcecode.swift; path = CoinDataService.swift; sourceTree = "<group>"; };
		F8219F912789E4350028CBC5 /* NetworkingManager.swift */ = {isa = PBXFileReference; lastKnownFileType = sourcecode.swift; path = NetworkingManager.swift; sourceTree = "<group>"; };
		F8219F93278B01D00028CBC5 /* ImageCoinView.swift */ = {isa = PBXFileReference; lastKnownFileType = sourcecode.swift; path = ImageCoinView.swift; sourceTree = "<group>"; };
		F8219F95278B021E0028CBC5 /* ImageCoinViewModel.swift */ = {isa = PBXFileReference; lastKnownFileType = sourcecode.swift; path = ImageCoinViewModel.swift; sourceTree = "<group>"; };
		F835FE1B27981838008171FB /* String.swift */ = {isa = PBXFileReference; lastKnownFileType = sourcecode.swift; path = String.swift; sourceTree = "<group>"; };
		F835FE1E27986D8E008171FB /* InfoView.swift */ = {isa = PBXFileReference; lastKnownFileType = sourcecode.swift; path = InfoView.swift; sourceTree = "<group>"; };
		F835FE2027989BE0008171FB /* Info.plist */ = {isa = PBXFileReference; lastKnownFileType = text.plist; path = Info.plist; sourceTree = "<group>"; };
		F835FE212799977E008171FB /* LogoView.swift */ = {isa = PBXFileReference; lastKnownFileType = sourcecode.swift; path = LogoView.swift; sourceTree = "<group>"; };
		F835FE2327999E13008171FB /* Launch Screen.storyboard */ = {isa = PBXFileReference; lastKnownFileType = file.storyboard; path = "Launch Screen.storyboard"; sourceTree = "<group>"; };
		F84E6CCA2788825000827C0C /* Coin.swift */ = {isa = PBXFileReference; lastKnownFileType = sourcecode.swift; path = Coin.swift; sourceTree = "<group>"; };
		F84E6CCC2788877B00827C0C /* CoinRowView.swift */ = {isa = PBXFileReference; lastKnownFileType = sourcecode.swift; path = CoinRowView.swift; sourceTree = "<group>"; };
		F84E6CCE2788881200827C0C /* PreviewProvider.swift */ = {isa = PBXFileReference; lastKnownFileType = sourcecode.swift; path = PreviewProvider.swift; sourceTree = "<group>"; };
		F84E6CD027888C3E00827C0C /* Double.swift */ = {isa = PBXFileReference; lastKnownFileType = sourcecode.swift; path = Double.swift; sourceTree = "<group>"; };
		F8571A522789A2B60000B42B /* HomeViewModel.swift */ = {isa = PBXFileReference; lastKnownFileType = sourcecode.swift; path = HomeViewModel.swift; sourceTree = "<group>"; };
		F8571A552789A6AE0000B42B /* ListCoinsView.swift */ = {isa = PBXFileReference; lastKnownFileType = sourcecode.swift; path = ListCoinsView.swift; sourceTree = "<group>"; };
		F8571A572789A73F0000B42B /* ListPortfolioCoinsView.swift */ = {isa = PBXFileReference; lastKnownFileType = sourcecode.swift; path = ListPortfolioCoinsView.swift; sourceTree = "<group>"; };
		F869367127A2D72900842519 /* SecretView.swift */ = {isa = PBXFileReference; lastKnownFileType = sourcecode.swift; path = SecretView.swift; sourceTree = "<group>"; };
		F869367327A2D75800842519 /* ParticleSystem.swift */ = {isa = PBXFileReference; lastKnownFileType = sourcecode.swift; path = ParticleSystem.swift; sourceTree = "<group>"; };
		F869367527A2D78B00842519 /* Particle.swift */ = {isa = PBXFileReference; lastKnownFileType = sourcecode.swift; path = Particle.swift; sourceTree = "<group>"; };
		F869367727A2D7B900842519 /* MotionManager.swift */ = {isa = PBXFileReference; lastKnownFileType = sourcecode.swift; path = MotionManager.swift; sourceTree = "<group>"; };
		F88F19A9278C4A6D00117F5C /* Statistic.swift */ = {isa = PBXFileReference; lastKnownFileType = sourcecode.swift; path = Statistic.swift; sourceTree = "<group>"; };
		F88F19AB278C4BF200117F5C /* StatisticView.swift */ = {isa = PBXFileReference; lastKnownFileType = sourcecode.swift; path = StatisticView.swift; sourceTree = "<group>"; };
		F88F19AD278C50AD00117F5C /* HomeStatisticView.swift */ = {isa = PBXFileReference; lastKnownFileType = sourcecode.swift; path = HomeStatisticView.swift; sourceTree = "<group>"; };
		F88F19AF278C7C2C00117F5C /* MarketData.swift */ = {isa = PBXFileReference; lastKnownFileType = sourcecode.swift; path = MarketData.swift; sourceTree = "<group>"; };
		F88F19B1278C7E9700117F5C /* MarketDataService.swift */ = {isa = PBXFileReference; lastKnownFileType = sourcecode.swift; path = MarketDataService.swift; sourceTree = "<group>"; };
		F88F19B3278CC95F00117F5C /* PortfolioView.swift */ = {isa = PBXFileReference; lastKnownFileType = sourcecode.swift; path = PortfolioView.swift; sourceTree = "<group>"; };
		F88F19B5278CCD0300117F5C /* ButtonXmarkView.swift */ = {isa = PBXFileReference; lastKnownFileType = sourcecode.swift; path = ButtonXmarkView.swift; sourceTree = "<group>"; };
		F890DE5A27975BDD008B1393 /* Date.swift */ = {isa = PBXFileReference; lastKnownFileType = sourcecode.swift; path = Date.swift; sourceTree = "<group>"; };
		F895D63C278F35520038F270 /* CoinLogoListView.swift */ = {isa = PBXFileReference; lastKnownFileType = sourcecode.swift; path = CoinLogoListView.swift; sourceTree = "<group>"; };
		F895D641278F3C3B0038F270 /* InputSectionView.swift */ = {isa = PBXFileReference; lastKnownFileType = sourcecode.swift; path = InputSectionView.swift; sourceTree = "<group>"; };
		F895D643278F6A970038F270 /* ButtonCheckmarkView.swift */ = {isa = PBXFileReference; lastKnownFileType = sourcecode.swift; path = ButtonCheckmarkView.swift; sourceTree = "<group>"; };
		F895D646279035AF0038F270 /* PortfolioContainer.xcdatamodel */ = {isa = PBXFileReference; lastKnownFileType = wrapper.xcdatamodel; path = PortfolioContainer.xcdatamodel; sourceTree = "<group>"; };
		F895D648279036AC0038F270 /* PortfolioDataService.swift */ = {isa = PBXFileReference; lastKnownFileType = sourcecode.swift; path = PortfolioDataService.swift; sourceTree = "<group>"; };
		F895D64A279313350038F270 /* HapticManager.swift */ = {isa = PBXFileReference; lastKnownFileType = sourcecode.swift; path = HapticManager.swift; sourceTree = "<group>"; };
		F8AC06482786FE2E00CBCE92 /* BackgroundView.swift */ = {isa = PBXFileReference; lastKnownFileType = sourcecode.swift; path = BackgroundView.swift; sourceTree = "<group>"; };
		F8C648AF2796C667009B9BB4 /* DetailView.swift */ = {isa = PBXFileReference; lastKnownFileType = sourcecode.swift; path = DetailView.swift; sourceTree = "<group>"; };
		F8C648B12796CA11009B9BB4 /* DetailViewModel.swift */ = {isa = PBXFileReference; lastKnownFileType = sourcecode.swift; path = DetailViewModel.swift; sourceTree = "<group>"; };
		F8C648B32796D077009B9BB4 /* DetailLoadingView.swift */ = {isa = PBXFileReference; lastKnownFileType = sourcecode.swift; path = DetailLoadingView.swift; sourceTree = "<group>"; };
		F8C648B52796D481009B9BB4 /* CoinDetail.swift */ = {isa = PBXFileReference; lastKnownFileType = sourcecode.swift; path = CoinDetail.swift; sourceTree = "<group>"; };
		F8C648B72796D7ED009B9BB4 /* CoinDetailDataService.swift */ = {isa = PBXFileReference; lastKnownFileType = sourcecode.swift; path = CoinDetailDataService.swift; sourceTree = "<group>"; };
		F8C648B9279751E1009B9BB4 /* ChartView.swift */ = {isa = PBXFileReference; lastKnownFileType = sourcecode.swift; path = ChartView.swift; sourceTree = "<group>"; };
		F8EAC50F278B135A00D7C031 /* LocalFileManager.swift */ = {isa = PBXFileReference; lastKnownFileType = sourcecode.swift; path = LocalFileManager.swift; sourceTree = "<group>"; };
		F8EAC511278B906D00D7C031 /* SearchBarView.swift */ = {isa = PBXFileReference; lastKnownFileType = sourcecode.swift; path = SearchBarView.swift; sourceTree = "<group>"; };
		F8EAC513278B97B100D7C031 /* UIApplication.swift */ = {isa = PBXFileReference; lastKnownFileType = sourcecode.swift; path = UIApplication.swift; sourceTree = "<group>"; };
/* End PBXFileReference section */

/* Begin PBXFrameworksBuildPhase section */
		F8217D172786165500C9C41B /* Frameworks */ = {
			isa = PBXFrameworksBuildPhase;
			buildActionMask = 2147483647;
			files = (
			);
			runOnlyForDeploymentPostprocessing = 0;
		};
/* End PBXFrameworksBuildPhase section */

/* Begin PBXGroup section */
		F8217D112786165500C9C41B = {
			isa = PBXGroup;
			children = (
				F8217D1C2786165500C9C41B /* CryptoCoins */,
				F8217D1B2786165500C9C41B /* Products */,
			);
			sourceTree = "<group>";
		};
		F8217D1B2786165500C9C41B /* Products */ = {
			isa = PBXGroup;
			children = (
				F8217D1A2786165500C9C41B /* Crypto Coins.app */,
			);
			name = Products;
			sourceTree = "<group>";
		};
		F8217D1C2786165500C9C41B /* CryptoCoins */ = {
			isa = PBXGroup;
			children = (
				F8217D1D2786165500C9C41B /* CryptoCoinsApp.swift */,
				F8217D2F27861CC700C9C41B /* Views */,
				F8217D3127861CF100C9C41B /* ViewModels */,
				F8217D3227861D0100C9C41B /* Models */,
				F8217D2B27861AAC00C9C41B /* Extensions */,
				F8219F8D2789ACD00028CBC5 /* Services */,
				F8219F902789E3CF0028CBC5 /* Utilities */,
				F8217D212786165600C9C41B /* Assets.xcassets */,
				F835FE2027989BE0008171FB /* Info.plist */,
				F8217D232786165600C9C41B /* Preview Content */,
			);
			path = CryptoCoins;
			sourceTree = "<group>";
		};
		F8217D232786165600C9C41B /* Preview Content */ = {
			isa = PBXGroup;
			children = (
				F8217D242786165600C9C41B /* Preview Assets.xcassets */,
			);
			path = "Preview Content";
			sourceTree = "<group>";
		};
		F8217D2B27861AAC00C9C41B /* Extensions */ = {
			isa = PBXGroup;
			children = (
				F8217D2C27861AC600C9C41B /* Color.swift */,
				F84E6CCE2788881200827C0C /* PreviewProvider.swift */,
				F84E6CD027888C3E00827C0C /* Double.swift */,
				F8EAC513278B97B100D7C031 /* UIApplication.swift */,
				F890DE5A27975BDD008B1393 /* Date.swift */,
				F835FE1B27981838008171FB /* String.swift */,
			);
			path = Extensions;
			sourceTree = "<group>";
		};
		F8217D2F27861CC700C9C41B /* Views */ = {
			isa = PBXGroup;
			children = (
				F8217D3027861CD400C9C41B /* Home */,
				F895D63E278F35640038F270 /* Portfolio */,
				F8C648AE2796C613009B9BB4 /* Detail */,
				F835FE1D27986D3C008171FB /* InfoView */,
				F8217D3527861F2700C9C41B /* Components */,
				F8AC06472786FE0600CBCE92 /* Background */,
				F869367027A2D6BB00842519 /* SecretView */,
				F835FE2327999E13008171FB /* Launch Screen.storyboard */,
			);
			path = Views;
			sourceTree = "<group>";
		};
		F8217D3027861CD400C9C41B /* Home */ = {
			isa = PBXGroup;
			children = (
				F8217D3327861D2300C9C41B /* HomeView.swift */,
				F8217D3B2786271000C9C41B /* HeaderHomeView.swift */,
				F84E6CCC2788877B00827C0C /* CoinRowView.swift */,
				F8571A552789A6AE0000B42B /* ListCoinsView.swift */,
				F8571A572789A73F0000B42B /* ListPortfolioCoinsView.swift */,
				F8219F8B2789A8FE0028CBC5 /* ColumnTitlesView.swift */,
				F88F19AD278C50AD00117F5C /* HomeStatisticView.swift */,
			);
			path = Home;
			sourceTree = "<group>";
		};
		F8217D3127861CF100C9C41B /* ViewModels */ = {
			isa = PBXGroup;
			children = (
				F8571A522789A2B60000B42B /* HomeViewModel.swift */,
				F8C648B12796CA11009B9BB4 /* DetailViewModel.swift */,
				F8219F95278B021E0028CBC5 /* ImageCoinViewModel.swift */,
			);
			path = ViewModels;
			sourceTree = "<group>";
		};
		F8217D3227861D0100C9C41B /* Models */ = {
			isa = PBXGroup;
			children = (
				F84E6CCA2788825000827C0C /* Coin.swift */,
				F8C648B52796D481009B9BB4 /* CoinDetail.swift */,
				F88F19A9278C4A6D00117F5C /* Statistic.swift */,
				F88F19AF278C7C2C00117F5C /* MarketData.swift */,
				F895D645279035AF0038F270 /* PortfolioContainer.xcdatamodeld */,
			);
			path = Models;
			sourceTree = "<group>";
		};
		F8217D3527861F2700C9C41B /* Components */ = {
			isa = PBXGroup;
			children = (
				F8EAC511278B906D00D7C031 /* SearchBarView.swift */,
				F8217D3727861F9200C9C41B /* ButtonCircleView.swift */,
				F8219F93278B01D00028CBC5 /* ImageCoinView.swift */,
				F88F19AB278C4BF200117F5C /* StatisticView.swift */,
				F88F19B5278CCD0300117F5C /* ButtonXmarkView.swift */,
				F80ADAFE278CDA7B00CCE6B6 /* CoinLogoView.swift */,
				F895D643278F6A970038F270 /* ButtonCheckmarkView.swift */,
				F835FE212799977E008171FB /* LogoView.swift */,
			);
			path = Components;
			sourceTree = "<group>";
		};
		F8219F8D2789ACD00028CBC5 /* Services */ = {
			isa = PBXGroup;
			children = (
				F8219F8E2789AD170028CBC5 /* CoinDataService.swift */,
				F802A736278B04EE00AFAB95 /* ImageCoinService.swift */,
				F88F19B1278C7E9700117F5C /* MarketDataService.swift */,
				F895D648279036AC0038F270 /* PortfolioDataService.swift */,
				F8C648B72796D7ED009B9BB4 /* CoinDetailDataService.swift */,
			);
			path = Services;
			sourceTree = "<group>";
		};
		F8219F902789E3CF0028CBC5 /* Utilities */ = {
			isa = PBXGroup;
			children = (
				F8219F912789E4350028CBC5 /* NetworkingManager.swift */,
				F8EAC50F278B135A00D7C031 /* LocalFileManager.swift */,
				F895D64A279313350038F270 /* HapticManager.swift */,
			);
			path = Utilities;
			sourceTree = "<group>";
		};
		F835FE1D27986D3C008171FB /* InfoView */ = {
			isa = PBXGroup;
			children = (
				F835FE1E27986D8E008171FB /* InfoView.swift */,
			);
			path = InfoView;
			sourceTree = "<group>";
		};
		F869367027A2D6BB00842519 /* SecretView */ = {
			isa = PBXGroup;
			children = (
				F869367127A2D72900842519 /* SecretView.swift */,
				F869367327A2D75800842519 /* ParticleSystem.swift */,
				F869367527A2D78B00842519 /* Particle.swift */,
				F869367727A2D7B900842519 /* MotionManager.swift */,
			);
			path = SecretView;
			sourceTree = "<group>";
		};
		F895D63E278F35640038F270 /* Portfolio */ = {
			isa = PBXGroup;
			children = (
				F88F19B3278CC95F00117F5C /* PortfolioView.swift */,
				F895D63C278F35520038F270 /* CoinLogoListView.swift */,
				F895D641278F3C3B0038F270 /* InputSectionView.swift */,
			);
			path = Portfolio;
			sourceTree = "<group>";
		};
		F8AC06472786FE0600CBCE92 /* Background */ = {
			isa = PBXGroup;
			children = (
				F8AC06482786FE2E00CBCE92 /* BackgroundView.swift */,
			);
			path = Background;
			sourceTree = "<group>";
		};
		F8C648AE2796C613009B9BB4 /* Detail */ = {
			isa = PBXGroup;
			children = (
				F8C648AF2796C667009B9BB4 /* DetailView.swift */,
				F8C648B32796D077009B9BB4 /* DetailLoadingView.swift */,
				F8C648B9279751E1009B9BB4 /* ChartView.swift */,
			);
			path = Detail;
			sourceTree = "<group>";
		};
/* End PBXGroup section */

/* Begin PBXNativeTarget section */
		F8217D192786165500C9C41B /* CryptoCoins */ = {
			isa = PBXNativeTarget;
			buildConfigurationList = F8217D282786165600C9C41B /* Build configuration list for PBXNativeTarget "CryptoCoins" */;
			buildPhases = (
				F8217D162786165500C9C41B /* Sources */,
				F8217D172786165500C9C41B /* Frameworks */,
				F8217D182786165500C9C41B /* Resources */,
			);
			buildRules = (
			);
			dependencies = (
			);
			name = CryptoCoins;
			productName = CryptoCoins;
			productReference = F8217D1A2786165500C9C41B /* Crypto Coins.app */;
			productType = "com.apple.product-type.application";
		};
/* End PBXNativeTarget section */

/* Begin PBXProject section */
		F8217D122786165500C9C41B /* Project object */ = {
			isa = PBXProject;
			attributes = {
				BuildIndependentTargetsInParallel = 1;
				LastSwiftUpdateCheck = 1320;
				LastUpgradeCheck = 1320;
				TargetAttributes = {
					F8217D192786165500C9C41B = {
						CreatedOnToolsVersion = 13.2.1;
					};
				};
			};
			buildConfigurationList = F8217D152786165500C9C41B /* Build configuration list for PBXProject "CryptoCoins" */;
			compatibilityVersion = "Xcode 13.0";
			developmentRegion = en;
			hasScannedForEncodings = 0;
			knownRegions = (
				en,
				Base,
			);
			mainGroup = F8217D112786165500C9C41B;
			productRefGroup = F8217D1B2786165500C9C41B /* Products */;
			projectDirPath = "";
			projectRoot = "";
			targets = (
				F8217D192786165500C9C41B /* CryptoCoins */,
			);
		};
/* End PBXProject section */

/* Begin PBXResourcesBuildPhase section */
		F8217D182786165500C9C41B /* Resources */ = {
			isa = PBXResourcesBuildPhase;
			buildActionMask = 2147483647;
			files = (
				F835FE2427999E13008171FB /* Launch Screen.storyboard in Resources */,
				F8217D252786165600C9C41B /* Preview Assets.xcassets in Resources */,
				F8217D222786165600C9C41B /* Assets.xcassets in Resources */,
			);
			runOnlyForDeploymentPostprocessing = 0;
		};
/* End PBXResourcesBuildPhase section */

/* Begin PBXSourcesBuildPhase section */
		F8217D162786165500C9C41B /* Sources */ = {
			isa = PBXSourcesBuildPhase;
			buildActionMask = 2147483647;
			files = (
				F84E6CCD2788877B00827C0C /* CoinRowView.swift in Sources */,
				F88F19AC278C4BF200117F5C /* StatisticView.swift in Sources */,
				F895D647279035AF0038F270 /* PortfolioContainer.xcdatamodeld in Sources */,
				F802A737278B04EE00AFAB95 /* ImageCoinService.swift in Sources */,
				F8219F8C2789A8FE0028CBC5 /* ColumnTitlesView.swift in Sources */,
				F8571A562789A6AE0000B42B /* ListCoinsView.swift in Sources */,
				F8C648B82796D7ED009B9BB4 /* CoinDetailDataService.swift in Sources */,
				F8219F8F2789AD170028CBC5 /* CoinDataService.swift in Sources */,
				F8C648B62796D481009B9BB4 /* CoinDetail.swift in Sources */,
				F8C648B22796CA11009B9BB4 /* DetailViewModel.swift in Sources */,
				F8571A532789A2B60000B42B /* HomeViewModel.swift in Sources */,
				F869367827A2D7B900842519 /* MotionManager.swift in Sources */,
				F88F19B6278CCD0300117F5C /* ButtonXmarkView.swift in Sources */,
				F8219F922789E4350028CBC5 /* NetworkingManager.swift in Sources */,
				F8EAC510278B135A00D7C031 /* LocalFileManager.swift in Sources */,
				F88F19AE278C50AD00117F5C /* HomeStatisticView.swift in Sources */,
				F8AC06492786FE2E00CBCE92 /* BackgroundView.swift in Sources */,
				F88F19B2278C7E9700117F5C /* MarketDataService.swift in Sources */,
				F8C648BA279751E1009B9BB4 /* ChartView.swift in Sources */,
				F890DE5B27975BDD008B1393 /* Date.swift in Sources */,
				F8217D3427861D2300C9C41B /* HomeView.swift in Sources */,
				F8EAC512278B906D00D7C031 /* SearchBarView.swift in Sources */,
				F8219F94278B01D00028CBC5 /* ImageCoinView.swift in Sources */,
				F869367227A2D72A00842519 /* SecretView.swift in Sources */,
				F895D63D278F35520038F270 /* CoinLogoListView.swift in Sources */,
				F869367427A2D75800842519 /* ParticleSystem.swift in Sources */,
				F895D642278F3C3B0038F270 /* InputSectionView.swift in Sources */,
				F8217D1E2786165500C9C41B /* CryptoCoinsApp.swift in Sources */,
				F8217D3827861F9200C9C41B /* ButtonCircleView.swift in Sources */,
				F8EAC514278B97B100D7C031 /* UIApplication.swift in Sources */,
				F88F19B0278C7C2C00117F5C /* MarketData.swift in Sources */,
				F8C648B42796D077009B9BB4 /* DetailLoadingView.swift in Sources */,
				F869367627A2D78B00842519 /* Particle.swift in Sources */,
				F835FE222799977E008171FB /* LogoView.swift in Sources */,
				F8219F96278B021E0028CBC5 /* ImageCoinViewModel.swift in Sources */,
				F835FE1F27986D8E008171FB /* InfoView.swift in Sources */,
				F8217D3C2786271000C9C41B /* HeaderHomeView.swift in Sources */,
				F8C648B02796C667009B9BB4 /* DetailView.swift in Sources */,
				F895D649279036AC0038F270 /* PortfolioDataService.swift in Sources */,
				F895D644278F6A970038F270 /* ButtonCheckmarkView.swift in Sources */,
				F835FE1C27981838008171FB /* String.swift in Sources */,
				F88F19AA278C4A6D00117F5C /* Statistic.swift in Sources */,
				F8217D2D27861AC600C9C41B /* Color.swift in Sources */,
				F88F19B4278CC96000117F5C /* PortfolioView.swift in Sources */,
				F84E6CCF2788881200827C0C /* PreviewProvider.swift in Sources */,
				F80ADAFF278CDA7B00CCE6B6 /* CoinLogoView.swift in Sources */,
				F84E6CD127888C3E00827C0C /* Double.swift in Sources */,
				F8571A582789A73F0000B42B /* ListPortfolioCoinsView.swift in Sources */,
				F895D64B279313350038F270 /* HapticManager.swift in Sources */,
				F84E6CCB2788825000827C0C /* Coin.swift in Sources */,
			);
			runOnlyForDeploymentPostprocessing = 0;
		};
/* End PBXSourcesBuildPhase section */

/* Begin XCBuildConfiguration section */
		F8217D262786165600C9C41B /* Debug */ = {
			isa = XCBuildConfiguration;
			buildSettings = {
				ALWAYS_SEARCH_USER_PATHS = NO;
				CLANG_ANALYZER_NONNULL = YES;
				CLANG_ANALYZER_NUMBER_OBJECT_CONVERSION = YES_AGGRESSIVE;
				CLANG_CXX_LANGUAGE_STANDARD = "gnu++17";
				CLANG_CXX_LIBRARY = "libc++";
				CLANG_ENABLE_MODULES = YES;
				CLANG_ENABLE_OBJC_ARC = YES;
				CLANG_ENABLE_OBJC_WEAK = YES;
				CLANG_WARN_BLOCK_CAPTURE_AUTORELEASING = YES;
				CLANG_WARN_BOOL_CONVERSION = YES;
				CLANG_WARN_COMMA = YES;
				CLANG_WARN_CONSTANT_CONVERSION = YES;
				CLANG_WARN_DEPRECATED_OBJC_IMPLEMENTATIONS = YES;
				CLANG_WARN_DIRECT_OBJC_ISA_USAGE = YES_ERROR;
				CLANG_WARN_DOCUMENTATION_COMMENTS = YES;
				CLANG_WARN_EMPTY_BODY = YES;
				CLANG_WARN_ENUM_CONVERSION = YES;
				CLANG_WARN_INFINITE_RECURSION = YES;
				CLANG_WARN_INT_CONVERSION = YES;
				CLANG_WARN_NON_LITERAL_NULL_CONVERSION = YES;
				CLANG_WARN_OBJC_IMPLICIT_RETAIN_SELF = YES;
				CLANG_WARN_OBJC_LITERAL_CONVERSION = YES;
				CLANG_WARN_OBJC_ROOT_CLASS = YES_ERROR;
				CLANG_WARN_QUOTED_INCLUDE_IN_FRAMEWORK_HEADER = YES;
				CLANG_WARN_RANGE_LOOP_ANALYSIS = YES;
				CLANG_WARN_STRICT_PROTOTYPES = YES;
				CLANG_WARN_SUSPICIOUS_MOVE = YES;
				CLANG_WARN_UNGUARDED_AVAILABILITY = YES_AGGRESSIVE;
				CLANG_WARN_UNREACHABLE_CODE = YES;
				CLANG_WARN__DUPLICATE_METHOD_MATCH = YES;
				COPY_PHASE_STRIP = NO;
				DEBUG_INFORMATION_FORMAT = dwarf;
				ENABLE_STRICT_OBJC_MSGSEND = YES;
				ENABLE_TESTABILITY = YES;
				GCC_C_LANGUAGE_STANDARD = gnu11;
				GCC_DYNAMIC_NO_PIC = NO;
				GCC_NO_COMMON_BLOCKS = YES;
				GCC_OPTIMIZATION_LEVEL = 0;
				GCC_PREPROCESSOR_DEFINITIONS = (
					"DEBUG=1",
					"$(inherited)",
				);
				GCC_WARN_64_TO_32_BIT_CONVERSION = YES;
				GCC_WARN_ABOUT_RETURN_TYPE = YES_ERROR;
				GCC_WARN_UNDECLARED_SELECTOR = YES;
				GCC_WARN_UNINITIALIZED_AUTOS = YES_AGGRESSIVE;
				GCC_WARN_UNUSED_FUNCTION = YES;
				GCC_WARN_UNUSED_VARIABLE = YES;
				IPHONEOS_DEPLOYMENT_TARGET = 15.2;
				MTL_ENABLE_DEBUG_INFO = INCLUDE_SOURCE;
				MTL_FAST_MATH = YES;
				ONLY_ACTIVE_ARCH = YES;
				SDKROOT = iphoneos;
				SWIFT_ACTIVE_COMPILATION_CONDITIONS = DEBUG;
				SWIFT_OPTIMIZATION_LEVEL = "-Onone";
			};
			name = Debug;
		};
		F8217D272786165600C9C41B /* Release */ = {
			isa = XCBuildConfiguration;
			buildSettings = {
				ALWAYS_SEARCH_USER_PATHS = NO;
				CLANG_ANALYZER_NONNULL = YES;
				CLANG_ANALYZER_NUMBER_OBJECT_CONVERSION = YES_AGGRESSIVE;
				CLANG_CXX_LANGUAGE_STANDARD = "gnu++17";
				CLANG_CXX_LIBRARY = "libc++";
				CLANG_ENABLE_MODULES = YES;
				CLANG_ENABLE_OBJC_ARC = YES;
				CLANG_ENABLE_OBJC_WEAK = YES;
				CLANG_WARN_BLOCK_CAPTURE_AUTORELEASING = YES;
				CLANG_WARN_BOOL_CONVERSION = YES;
				CLANG_WARN_COMMA = YES;
				CLANG_WARN_CONSTANT_CONVERSION = YES;
				CLANG_WARN_DEPRECATED_OBJC_IMPLEMENTATIONS = YES;
				CLANG_WARN_DIRECT_OBJC_ISA_USAGE = YES_ERROR;
				CLANG_WARN_DOCUMENTATION_COMMENTS = YES;
				CLANG_WARN_EMPTY_BODY = YES;
				CLANG_WARN_ENUM_CONVERSION = YES;
				CLANG_WARN_INFINITE_RECURSION = YES;
				CLANG_WARN_INT_CONVERSION = YES;
				CLANG_WARN_NON_LITERAL_NULL_CONVERSION = YES;
				CLANG_WARN_OBJC_IMPLICIT_RETAIN_SELF = YES;
				CLANG_WARN_OBJC_LITERAL_CONVERSION = YES;
				CLANG_WARN_OBJC_ROOT_CLASS = YES_ERROR;
				CLANG_WARN_QUOTED_INCLUDE_IN_FRAMEWORK_HEADER = YES;
				CLANG_WARN_RANGE_LOOP_ANALYSIS = YES;
				CLANG_WARN_STRICT_PROTOTYPES = YES;
				CLANG_WARN_SUSPICIOUS_MOVE = YES;
				CLANG_WARN_UNGUARDED_AVAILABILITY = YES_AGGRESSIVE;
				CLANG_WARN_UNREACHABLE_CODE = YES;
				CLANG_WARN__DUPLICATE_METHOD_MATCH = YES;
				COPY_PHASE_STRIP = NO;
				DEBUG_INFORMATION_FORMAT = "dwarf-with-dsym";
				ENABLE_NS_ASSERTIONS = NO;
				ENABLE_STRICT_OBJC_MSGSEND = YES;
				GCC_C_LANGUAGE_STANDARD = gnu11;
				GCC_NO_COMMON_BLOCKS = YES;
				GCC_WARN_64_TO_32_BIT_CONVERSION = YES;
				GCC_WARN_ABOUT_RETURN_TYPE = YES_ERROR;
				GCC_WARN_UNDECLARED_SELECTOR = YES;
				GCC_WARN_UNINITIALIZED_AUTOS = YES_AGGRESSIVE;
				GCC_WARN_UNUSED_FUNCTION = YES;
				GCC_WARN_UNUSED_VARIABLE = YES;
				IPHONEOS_DEPLOYMENT_TARGET = 15.2;
				MTL_ENABLE_DEBUG_INFO = NO;
				MTL_FAST_MATH = YES;
				SDKROOT = iphoneos;
				SWIFT_COMPILATION_MODE = wholemodule;
				SWIFT_OPTIMIZATION_LEVEL = "-O";
				VALIDATE_PRODUCT = YES;
			};
			name = Release;
		};
		F8217D292786165600C9C41B /* Debug */ = {
			isa = XCBuildConfiguration;
			buildSettings = {
				ASSETCATALOG_COMPILER_APPICON_NAME = AppIcon;
				ASSETCATALOG_COMPILER_GLOBAL_ACCENT_COLOR_NAME = AccentColor;
				CODE_SIGN_STYLE = Automatic;
				CURRENT_PROJECT_VERSION = 1;
				DEVELOPMENT_ASSET_PATHS = "\"CryptoCoins/Preview Content\"";
				DEVELOPMENT_TEAM = H5J3S6F67R;
				ENABLE_PREVIEWS = YES;
				GENERATE_INFOPLIST_FILE = YES;
				INFOPLIST_FILE = CryptoCoins/Info.plist;
				INFOPLIST_KEY_CFBundleDisplayName = CryptoCoins;
				INFOPLIST_KEY_UIApplicationSceneManifest_Generation = YES;
				INFOPLIST_KEY_UIApplicationSupportsIndirectInputEvents = YES;
				INFOPLIST_KEY_UILaunchStoryboardName = "Launch Screen";
				INFOPLIST_KEY_UISupportedInterfaceOrientations = UIInterfaceOrientationPortrait;
				INFOPLIST_KEY_UISupportedInterfaceOrientations_iPad = "UIInterfaceOrientationPortrait UIInterfaceOrientationPortraitUpsideDown UIInterfaceOrientationLandscapeLeft UIInterfaceOrientationLandscapeRight";
				INFOPLIST_KEY_UISupportedInterfaceOrientations_iPhone = UIInterfaceOrientationPortrait;
				LD_RUNPATH_SEARCH_PATHS = (
					"$(inherited)",
					"@executable_path/Frameworks",
				);
				MARKETING_VERSION = 1.0;
				PRODUCT_BUNDLE_IDENTIFIER = com.pal.artem.CryptoCoins;
				PRODUCT_NAME = "Crypto Coins";
				SWIFT_EMIT_LOC_STRINGS = YES;
				SWIFT_VERSION = 5.0;
				TARGETED_DEVICE_FAMILY = "1,2";
			};
			name = Debug;
		};
		F8217D2A2786165600C9C41B /* Release */ = {
			isa = XCBuildConfiguration;
			buildSettings = {
				ASSETCATALOG_COMPILER_APPICON_NAME = AppIcon;
				ASSETCATALOG_COMPILER_GLOBAL_ACCENT_COLOR_NAME = AccentColor;
				CODE_SIGN_STYLE = Automatic;
				CURRENT_PROJECT_VERSION = 1;
				DEVELOPMENT_ASSET_PATHS = "\"CryptoCoins/Preview Content\"";
				DEVELOPMENT_TEAM = H5J3S6F67R;
				ENABLE_PREVIEWS = YES;
				GENERATE_INFOPLIST_FILE = YES;
				INFOPLIST_FILE = CryptoCoins/Info.plist;
				INFOPLIST_KEY_CFBundleDisplayName = CryptoCoins;
				INFOPLIST_KEY_UIApplicationSceneManifest_Generation = YES;
				INFOPLIST_KEY_UIApplicationSupportsIndirectInputEvents = YES;
				INFOPLIST_KEY_UILaunchStoryboardName = "Launch Screen";
				INFOPLIST_KEY_UISupportedInterfaceOrientations = UIInterfaceOrientationPortrait;
				INFOPLIST_KEY_UISupportedInterfaceOrientations_iPad = "UIInterfaceOrientationPortrait UIInterfaceOrientationPortraitUpsideDown UIInterfaceOrientationLandscapeLeft UIInterfaceOrientationLandscapeRight";
				INFOPLIST_KEY_UISupportedInterfaceOrientations_iPhone = UIInterfaceOrientationPortrait;
				LD_RUNPATH_SEARCH_PATHS = (
					"$(inherited)",
					"@executable_path/Frameworks",
				);
				MARKETING_VERSION = 1.0;
				PRODUCT_BUNDLE_IDENTIFIER = com.pal.artem.CryptoCoins;
				PRODUCT_NAME = "Crypto Coins";
				SWIFT_EMIT_LOC_STRINGS = YES;
				SWIFT_VERSION = 5.0;
				TARGETED_DEVICE_FAMILY = "1,2";
			};
			name = Release;
		};
/* End XCBuildConfiguration section */

/* Begin XCConfigurationList section */
		F8217D152786165500C9C41B /* Build configuration list for PBXProject "CryptoCoins" */ = {
			isa = XCConfigurationList;
			buildConfigurations = (
				F8217D262786165600C9C41B /* Debug */,
				F8217D272786165600C9C41B /* Release */,
			);
			defaultConfigurationIsVisible = 0;
			defaultConfigurationName = Release;
		};
		F8217D282786165600C9C41B /* Build configuration list for PBXNativeTarget "CryptoCoins" */ = {
			isa = XCConfigurationList;
			buildConfigurations = (
				F8217D292786165600C9C41B /* Debug */,
				F8217D2A2786165600C9C41B /* Release */,
			);
			defaultConfigurationIsVisible = 0;
			defaultConfigurationName = Release;
		};
/* End XCConfigurationList section */

/* Begin XCVersionGroup section */
		F895D645279035AF0038F270 /* PortfolioContainer.xcdatamodeld */ = {
			isa = XCVersionGroup;
			children = (
				F895D646279035AF0038F270 /* PortfolioContainer.xcdatamodel */,
			);
			currentVersion = F895D646279035AF0038F270 /* PortfolioContainer.xcdatamodel */;
			path = PortfolioContainer.xcdatamodeld;
			sourceTree = "<group>";
			versionGroupType = wrapper.xcdatamodel;
		};
/* End XCVersionGroup section */
	};
	rootObject = F8217D122786165500C9C41B /* Project object */;
}
